
Microsoft Visual Studio Solution File, Format Version 12.00
# Visual Studio Version 17
VisualStudioVersion = 17.2.32630.192
MinimumVisualStudioVersion = 10.0.40219.1
Project("{8BC9CEB8-8B4A-11D0-8D11-00A0C91BC942}") = "DetoursApplication", "DetoursApplication\DetoursApplication.vcxproj", "{BBEF0421-D14A-47B6-B8FC-FC914F20E191}"
EndProject
Project("{8BC9CEB8-8B4A-11D0-8D11-00A0C91BC942}") = "hook", "hook\hook.vcxproj", "{9094783B-60B9-4DE3-87C1-C1FF5FD05A7C}"
EndProject
Project("{8BC9CEB8-8B4A-11D0-8D11-00A0C91BC942}") = "Test", "Test\Test.vcxproj", "{9F4856BE-B3AD-4AEE-8AC4-D1B60BC87D13}"
EndProject
Project("{8BC9CEB8-8B4A-11D0-8D11-00A0C91BC942}") = "msimg32", "msimg32\msimg32.vcxproj", "{768092CA-0618-4F87-808E-4B0331470431}"
EndProject
Project("{8BC9CEB8-8B4A-11D0-8D11-00A0C91BC942}") = "dinput8", "dinput8\dinput8.vcxproj", "{AA9CA6C6-D4B4-492A-8FD7-C9A17DFE505C}"
EndProject
Project("{8BC9CEB8-8B4A-11D0-8D11-00A0C91BC942}") = "version", "version\version.vcxproj", "{C1305607-403B-4D66-958E-EF9364171C92}"
EndProject
Global
	GlobalSection(SolutionConfigurationPlatforms) = preSolution
		Debug|x64 = Debug|x64
		Debug|x86 = Debug|x86
		Release|x64 = Release|x64
		Release|x86 = Release|x86
	EndGlobalSection
	GlobalSection(ProjectConfigurationPlatforms) = postSolution
		{BBEF0421-D14A-47B6-B8FC-FC914F20E191}.Debug|x64.ActiveCfg = Debug|x64
		{BBEF0421-D14A-47B6-B8FC-FC914F20E191}.Debug|x64.Build.0 = Debug|x64
		{BBEF0421-D14A-47B6-B8FC-FC914F20E191}.Debug|x86.ActiveCfg = Debug|Win32
		{BBEF0421-D14A-47B6-B8FC-FC914F20E191}.Debug|x86.Build.0 = Debug|Win32
		{BBEF0421-D14A-47B6-B8FC-FC914F20E191}.Release|x64.ActiveCfg = Release|x64
		{BBEF0421-D14A-47B6-B8FC-FC914F20E191}.Release|x64.Build.0 = Release|x64
		{BBEF0421-D14A-47B6-B8FC-FC914F20E191}.Release|x86.ActiveCfg = Release|Win32
		{BBEF0421-D14A-47B6-B8FC-FC914F20E191}.Release|x86.Build.0 = Release|Win32
		{9094783B-60B9-4DE3-87C1-C1FF5FD05A7C}.Debug|x64.ActiveCfg = Debug|x64
		{9094783B-60B9-4DE3-87C1-C1FF5FD05A7C}.Debug|x64.Build.0 = Debug|x64
		{9094783B-60B9-4DE3-87C1-C1FF5FD05A7C}.Debug|x86.ActiveCfg = Debug|Win32
		{9094783B-60B9-4DE3-87C1-C1FF5FD05A7C}.Debug|x86.Build.0 = Debug|Win32
		{9094783B-60B9-4DE3-87C1-C1FF5FD05A7C}.Release|x64.ActiveCfg = Release|x64
		{9094783B-60B9-4DE3-87C1-C1FF5FD05A7C}.Release|x64.Build.0 = Release|x64
		{9094783B-60B9-4DE3-87C1-C1FF5FD05A7C}.Release|x86.ActiveCfg = Release|Win32
		{9094783B-60B9-4DE3-87C1-C1FF5FD05A7C}.Release|x86.Build.0 = Release|Win32
		{9F4856BE-B3AD-4AEE-8AC4-D1B60BC87D13}.Debug|x64.ActiveCfg = Debug|x64
		{9F4856BE-B3AD-4AEE-8AC4-D1B60BC87D13}.Debug|x64.Build.0 = Debug|x64
		{9F4856BE-B3AD-4AEE-8AC4-D1B60BC87D13}.Debug|x86.ActiveCfg = Debug|Win32
		{9F4856BE-B3AD-4AEE-8AC4-D1B60BC87D13}.Debug|x86.Build.0 = Debug|Win32
		{9F4856BE-B3AD-4AEE-8AC4-D1B60BC87D13}.Release|x64.ActiveCfg = Release|x64
		{9F4856BE-B3AD-4AEE-8AC4-D1B60BC87D13}.Release|x64.Build.0 = Release|x64
		{9F4856BE-B3AD-4AEE-8AC4-D1B60BC87D13}.Release|x86.ActiveCfg = Release|Win32
		{9F4856BE-B3AD-4AEE-8AC4-D1B60BC87D13}.Release|x86.Build.0 = Release|Win32
		{768092CA-0618-4F87-808E-4B0331470431}.Debug|x64.ActiveCfg = Debug|x64
		{768092CA-0618-4F87-808E-4B0331470431}.Debug|x64.Build.0 = Debug|x64
		{768092CA-0618-4F87-808E-4B0331470431}.Debug|x86.ActiveCfg = Debug|Win32
		{768092CA-0618-4F87-808E-4B0331470431}.Debug|x86.Build.0 = Debug|Win32
		{768092CA-0618-4F87-808E-4B0331470431}.Release|x64.ActiveCfg = Release|x64
		{768092CA-0618-4F87-808E-4B0331470431}.Release|x64.Build.0 = Release|x64
		{768092CA-0618-4F87-808E-4B0331470431}.Release|x86.ActiveCfg = Release|Win32
		{768092CA-0618-4F87-808E-4B0331470431}.Release|x86.Build.0 = Release|Win32
		{AA9CA6C6-D4B4-492A-8FD7-C9A17DFE505C}.Debug|x64.ActiveCfg = Debug|x64
		{AA9CA6C6-D4B4-492A-8FD7-C9A17DFE505C}.Debug|x64.Build.0 = Debug|x64
		{AA9CA6C6-D4B4-492A-8FD7-C9A17DFE505C}.Debug|x86.ActiveCfg = Debug|Win32
		{AA9CA6C6-D4B4-492A-8FD7-C9A17DFE505C}.Debug|x86.Build.0 = Debug|Win32
		{AA9CA6C6-D4B4-492A-8FD7-C9A17DFE505C}.Release|x64.ActiveCfg = Release|x64
		{AA9CA6C6-D4B4-492A-8FD7-C9A17DFE505C}.Release|x64.Build.0 = Release|x64
		{AA9CA6C6-D4B4-492A-8FD7-C9A17DFE505C}.Release|x86.ActiveCfg = Release|Win32
		{AA9CA6C6-D4B4-492A-8FD7-C9A17DFE505C}.Release|x86.Build.0 = Release|Win32
		{C1305607-403B-4D66-958E-EF9364171C92}.Debug|x64.ActiveCfg = Debug|x64
		{C1305607-403B-4D66-958E-EF9364171C92}.Debug|x64.Build.0 = Debug|x64
		{C1305607-403B-4D66-958E-EF9364171C92}.Debug|x86.ActiveCfg = Release|Win32
		{C1305607-403B-4D66-958E-EF9364171C92}.Debug|x86.Build.0 = Release|Win32
		{C1305607-403B-4D66-958E-EF9364171C92}.Release|x64.ActiveCfg = Release|x64
		{C1305607-403B-4D66-958E-EF9364171C92}.Release|x64.Build.0 = Release|x64
		{C1305607-403B-4D66-958E-EF9364171C92}.Release|x86.ActiveCfg = Release|Win32
		{C1305607-403B-4D66-958E-EF9364171C92}.Release|x86.Build.0 = Release|Win32
	EndGlobalSection
	GlobalSection(SolutionProperties) = preSolution
		HideSolutionNode = FALSE
	EndGlobalSection
	GlobalSection(ExtensibilityGlobals) = postSolution
		SolutionGuid = {D924468D-BA61-4440-B238-834CD37A24B3}
	EndGlobalSection
EndGlobal
